
Microsoft Visual Studio Solution File, Format Version 12.00
# Visual Studio 15
VisualStudioVersion = 15.0.27428.2015
MinimumVisualStudioVersion = 10.0.40219.1
Project("{FAE04EC0-301F-11D3-BF4B-00C04F79EFBC}") = "AutoEscola", "AutoEscola\AutoEscola.csproj", "{39DB1154-9106-4067-98E9-DF7BF0BFCE01}"
EndProject
Global
	GlobalSection(SolutionConfigurationPlatforms) = preSolution
		Debug|Any CPU = Debug|Any CPU
		Release|Any CPU = Release|Any CPU
	EndGlobalSection
	GlobalSection(ProjectConfigurationPlatforms) = postSolution
		{39DB1154-9106-4067-98E9-DF7BF0BFCE01}.Debug|Any CPU.ActiveCfg = Debug|Any CPU
		{39DB1154-9106-4067-98E9-DF7BF0BFCE01}.Debug|Any CPU.Build.0 = Debug|Any CPU
		{39DB1154-9106-4067-98E9-DF7BF0BFCE01}.Release|Any CPU.ActiveCfg = Release|Any CPU
		{39DB1154-9106-4067-98E9-DF7BF0BFCE01}.Release|Any CPU.Build.0 = Release|Any CPU
	EndGlobalSection
	GlobalSection(SolutionProperties) = preSolution
		HideSolutionNode = FALSE
	EndGlobalSection
	GlobalSection(ExtensibilityGlobals) = postSolution
		SolutionGuid = {A7DABFFF-0A5D-4D81-9AA7-09F7ED60CB8F}
	EndGlobalSection
EndGlobal
